
Microsoft Visual Studio Solution File, Format Version 12.00
# Visual Studio Version 17
VisualStudioVersion = 17.9.34728.123
MinimumVisualStudioVersion = 10.0.40219.1
Project("{FAE04EC0-301F-11D3-BF4B-00C04F79EFBC}") = "VueApp2.Server", "VueApp2.Server\VueApp2.Server.csproj", "{E69B9090-F598-45ED-B5F2-1FC431A33457}"
EndProject
Project("{54A90642-561A-4BB1-A94E-469ADEE60C69}") = "vueapp2.client", "vueapp2.client\vueapp2.client.esproj", "{C929FECE-C1E5-48F4-8234-033A24892407}"
EndProject
Global
	GlobalSection(SolutionConfigurationPlatforms) = preSolution
		Debug|Any CPU = Debug|Any CPU
		Release|Any CPU = Release|Any CPU
	EndGlobalSection
	GlobalSection(ProjectConfigurationPlatforms) = postSolution
		{E69B9090-F598-45ED-B5F2-1FC431A33457}.Debug|Any CPU.ActiveCfg = Debug|Any CPU
		{E69B9090-F598-45ED-B5F2-1FC431A33457}.Debug|Any CPU.Build.0 = Debug|Any CPU
		{E69B9090-F598-45ED-B5F2-1FC431A33457}.Release|Any CPU.ActiveCfg = Release|Any CPU
		{E69B9090-F598-45ED-B5F2-1FC431A33457}.Release|Any CPU.Build.0 = Release|Any CPU
		{C929FECE-C1E5-48F4-8234-033A24892407}.Debug|Any CPU.ActiveCfg = Debug|Any CPU
		{C929FECE-C1E5-48F4-8234-033A24892407}.Debug|Any CPU.Build.0 = Debug|Any CPU
		{C929FECE-C1E5-48F4-8234-033A24892407}.Debug|Any CPU.Deploy.0 = Debug|Any CPU
		{C929FECE-C1E5-48F4-8234-033A24892407}.Release|Any CPU.ActiveCfg = Release|Any CPU
		{C929FECE-C1E5-48F4-8234-033A24892407}.Release|Any CPU.Build.0 = Release|Any CPU
		{C929FECE-C1E5-48F4-8234-033A24892407}.Release|Any CPU.Deploy.0 = Release|Any CPU
	EndGlobalSection
	GlobalSection(SolutionProperties) = preSolution
		HideSolutionNode = FALSE
	EndGlobalSection
	GlobalSection(ExtensibilityGlobals) = postSolution
		SolutionGuid = {B33F2D10-A8A6-46EB-87C1-08C968CC2EC8}
	EndGlobalSection
EndGlobal
